[root]
name = "ffto"
version = "0.0.1"
dependencies = [
 "url 0.1.0 (git+https://github.com/servo/rust-url#55b18b796ef2cef5490069dd450c60c2cc2c0c1b)",
]

[[package]]
name = "encoding"
version = "0.1.0"
source = "git+https://github.com/lifthrasiir/rust-encoding#16aff34b35e68b0f3a23e4d9dcff4f23cea2a414"

[[package]]
name = "url"
version = "0.1.0"
source = "git+https://github.com/servo/rust-url#55b18b796ef2cef5490069dd450c60c2cc2c0c1b"
dependencies = [
 "encoding 0.1.0 (git+https://github.com/lifthrasiir/rust-encoding#16aff34b35e68b0f3a23e4d9dcff4f23cea2a414)",
]

